{
    "name": "helsesjekk",
    "version": "1.0.0",
    "license": "MIT",
    "packageManager": "yarn@4.4.1",
    "engines": {
        "node": "20"
    },
    "scripts": {
        "dev": "next dev | pino-pretty",
        "dev:db": "docker run -e POSTGRES_PASSWORD=postgres -p 5432:5432 -it postgres:14",
        "build": "next build",
        "start": "next start",
        "lint": "next lint",
        "test": "bun test",
        "start:migrate": "yarn prisma:migrate && yarn start",
        "prisma:generate": "prisma generate",
        "prisma:migrate": "NODE_OPTIONS='-r next-logger' prisma migrate deploy",
        "prisma:migrate-dev": "prisma migrate dev",
        "prisma:seed": "bun run seed/seed.ts | pino-pretty",
        "prepare": "husky"
    },
    "dependencies": {
        "@navikt/aksel-icons": "^6.16.0",
        "@navikt/ds-css": "^6.16.0",
        "@navikt/ds-react": "^6.16.0",
        "@navikt/ds-tailwind": "^6.16.0",
        "@navikt/next-logger": "^1.30.0",
        "@prisma/client": "^5.21.1",
        "@slack/bolt": "^3.21.1",
        "@slack/logger": "^4.0.0",
        "@slack/types": "^2.13.1",
        "clsx": "^2.1.1",
        "date-fns": "^3.6.0",
        "next": "^14.2.11",
        "next-logger": "^5.0.1",
        "nextleton": "^0.6.1",
        "node-cron": "^3.0.3",
        "pino": "^9.4.0",
        "postcss": "^8.4.45",
        "prisma": "5.19.1",
        "react": "^18.3.1",
        "react-dom": "^18.3.1",
        "recharts": "^2.12.7",
        "remeda": "^2.12.0",
        "sharp": "^0.33.5",
        "tailwind-merge": "^2.5.2",
        "uuid": "^10.0.0",
        "zod": "^3.23.8"
    },
    "devDependencies": {
        "@navikt/eslint-config-teamsykmelding": "^6.6.0",
        "@types/bun": "^1.1.9",
        "@types/node": "^20.16.5",
        "@types/node-cron": "^3.0.11",
        "@types/react": "18.3.5",
        "@types/uuid": "^10.0.0",
        "@typescript-eslint/eslint-plugin": "^7.18.0",
        "@typescript-eslint/parser": "^7.18.0",
        "autoprefixer": "^10.4.20",
        "eslint": "^8.57.0",
        "eslint-config-next": "^14.2.11",
        "eslint-plugin-import": "^2.30.0",
        "husky": "^9.1.6",
        "lint-staged": "^15.2.10",
        "pino-pretty": "^11.2.2",
        "prettier": "^3.3.3",
        "prettier-plugin-prisma": "^5.0.0",
        "prettier-plugin-tailwindcss": "^0.6.6",
        "tailwindcss": "^3.4.11",
        "typescript": "^5.6.2"
    },
    "resolutions": {
        "eslint-plugin-react-hooks": "5.0.0-canary-7118f5dd7-20230705"
    },
    "prettier": "@navikt/eslint-config-teamsykmelding/prettier",
    "eslintConfig": {
        "extends": [
            "@navikt/eslint-config-teamsykmelding",
            "next/core-web-vitals"
        ]
    }
}